
Microsoft Visual Studio Solution File, Format Version 12.00
# Visual Studio 2013
VisualStudioVersion = 12.0.30723.0
MinimumVisualStudioVersion = 10.0.40219.1
Project("{FAE04EC0-301F-11D3-BF4B-00C04F79EFBC}") = "GrapefruitNote.Models", "GrapefruitNote.Models\GrapefruitNote.Models.csproj", "{DD255611-0385-41AB-978B-9F5A6BE03DD4}"
EndProject
Project("{FAE04EC0-301F-11D3-BF4B-00C04F79EFBC}") = "GrapefruitNote.Data", "GrapefruitNote.Data\GrapefruitNote.Data.csproj", "{1C297B28-F1AA-41A1-B07C-9BA67166A200}"
EndProject
Project("{FAE04EC0-301F-11D3-BF4B-00C04F79EFBC}") = "GrapefruitNote.ConsoleClient", "GrapefruitNote.ConsoleClient\GrapefruitNote.ConsoleClient.csproj", "{08C053A7-51C3-4808-ACDA-8846D1DA7599}"
EndProject
Project("{FAE04EC0-301F-11D3-BF4B-00C04F79EFBC}") = "GrapefruitNote.Services", "GrapefruitNote.Services\GrapefruitNote.Services.csproj", "{35C8DE32-546A-4FCA-9668-9E6151C0CFD8}"
EndProject
Global
	GlobalSection(SolutionConfigurationPlatforms) = preSolution
		Debug|Any CPU = Debug|Any CPU
		Release|Any CPU = Release|Any CPU
	EndGlobalSection
	GlobalSection(ProjectConfigurationPlatforms) = postSolution
		{DD255611-0385-41AB-978B-9F5A6BE03DD4}.Debug|Any CPU.ActiveCfg = Debug|Any CPU
		{DD255611-0385-41AB-978B-9F5A6BE03DD4}.Debug|Any CPU.Build.0 = Debug|Any CPU
		{DD255611-0385-41AB-978B-9F5A6BE03DD4}.Release|Any CPU.ActiveCfg = Release|Any CPU
		{DD255611-0385-41AB-978B-9F5A6BE03DD4}.Release|Any CPU.Build.0 = Release|Any CPU
		{1C297B28-F1AA-41A1-B07C-9BA67166A200}.Debug|Any CPU.ActiveCfg = Debug|Any CPU
		{1C297B28-F1AA-41A1-B07C-9BA67166A200}.Debug|Any CPU.Build.0 = Debug|Any CPU
		{1C297B28-F1AA-41A1-B07C-9BA67166A200}.Release|Any CPU.ActiveCfg = Release|Any CPU
		{1C297B28-F1AA-41A1-B07C-9BA67166A200}.Release|Any CPU.Build.0 = Release|Any CPU
		{08C053A7-51C3-4808-ACDA-8846D1DA7599}.Debug|Any CPU.ActiveCfg = Debug|Any CPU
		{08C053A7-51C3-4808-ACDA-8846D1DA7599}.Debug|Any CPU.Build.0 = Debug|Any CPU
		{08C053A7-51C3-4808-ACDA-8846D1DA7599}.Release|Any CPU.ActiveCfg = Release|Any CPU
		{08C053A7-51C3-4808-ACDA-8846D1DA7599}.Release|Any CPU.Build.0 = Release|Any CPU
		{35C8DE32-546A-4FCA-9668-9E6151C0CFD8}.Debug|Any CPU.ActiveCfg = Debug|Any CPU
		{35C8DE32-546A-4FCA-9668-9E6151C0CFD8}.Debug|Any CPU.Build.0 = Debug|Any CPU
		{35C8DE32-546A-4FCA-9668-9E6151C0CFD8}.Release|Any CPU.ActiveCfg = Release|Any CPU
		{35C8DE32-546A-4FCA-9668-9E6151C0CFD8}.Release|Any CPU.Build.0 = Release|Any CPU
	EndGlobalSection
	GlobalSection(SolutionProperties) = preSolution
		HideSolutionNode = FALSE
	EndGlobalSection
EndGlobal
